
Microsoft Visual Studio Solution File, Format Version 12.00
# Visual Studio Version 16
VisualStudioVersion = 16.0.30128.74
MinimumVisualStudioVersion = 10.0.40219.1
Project("{2150E333-8FDC-42A3-9474-1A3956D46DE8}") = "src", "src", "{5CA1EF35-B73A-4495-ADE2-9C81C85FA379}"
EndProject
Project("{9A19103F-16F7-4668-BE54-9A1E7A4F7556}") = "Formula1.API", "src\Formula1.API\Formula1.API.csproj", "{ABA18EDC-E844-40E1-A57F-3B6D77402671}"
EndProject
Project("{9A19103F-16F7-4668-BE54-9A1E7A4F7556}") = "Formula1.BLL", "src\Formula1.BLL\Formula1.BLL.csproj", "{F59A11FD-3115-42BE-A382-CA56D8DAD63E}"
EndProject
Project("{9A19103F-16F7-4668-BE54-9A1E7A4F7556}") = "Formula1.DAL", "src\Formula1.DAL\Formula1.DAL.csproj", "{AE57030B-071A-482A-983F-28CC36368926}"
EndProject
Project("{2150E333-8FDC-42A3-9474-1A3956D46DE8}") = "tests", "tests", "{44177924-6748-4696-B428-771A23CEDB89}"
EndProject
Project("{2150E333-8FDC-42A3-9474-1A3956D46DE8}") = "UnitTests", "UnitTests", "{3EC17DC0-F34F-4573-87E8-671BF8C2E76E}"
EndProject
Project("{9A19103F-16F7-4668-BE54-9A1E7A4F7556}") = "Formula1.API.UnitTests", "tests\Formula1.API.UnitTests\Formula1.API.UnitTests.csproj", "{25949498-4451-4632-8FB5-442EB6D98791}"
EndProject
Project("{9A19103F-16F7-4668-BE54-9A1E7A4F7556}") = "Formula1.BLL.UnitTests", "tests\Formula1.BLL.UnitTests\Formula1.BLL.UnitTests.csproj", "{1BE50DB8-79DA-4C52-87A3-91A21394360F}"
EndProject
Project("{9A19103F-16F7-4668-BE54-9A1E7A4F7556}") = "Formula1.DAL.UnitTests", "tests\Formula1.DAL.UnitTests\Formula1.DAL.UnitTests.csproj", "{32EDA2DB-1A95-4FFD-9DCA-E9B625C2D2DF}"
EndProject
Project("{2150E333-8FDC-42A3-9474-1A3956D46DE8}") = "IntegrationTests", "IntegrationTests", "{041248CF-3872-4A46-8F99-80173036A34B}"
EndProject
Project("{FAE04EC0-301F-11D3-BF4B-00C04F79EFBC}") = "Formula1.IntegrationTests", "tests\IntegrationTests\Formula1.IntegrationTests\Formula1.IntegrationTests.csproj", "{57EE8CBE-03BB-478D-8CB6-649EC748BAA2}"
EndProject
Global
	GlobalSection(SolutionConfigurationPlatforms) = preSolution
		Debug|Any CPU = Debug|Any CPU
		Release|Any CPU = Release|Any CPU
	EndGlobalSection
	GlobalSection(ProjectConfigurationPlatforms) = postSolution
		{ABA18EDC-E844-40E1-A57F-3B6D77402671}.Debug|Any CPU.ActiveCfg = Debug|Any CPU
		{ABA18EDC-E844-40E1-A57F-3B6D77402671}.Debug|Any CPU.Build.0 = Debug|Any CPU
		{ABA18EDC-E844-40E1-A57F-3B6D77402671}.Release|Any CPU.ActiveCfg = Release|Any CPU
		{ABA18EDC-E844-40E1-A57F-3B6D77402671}.Release|Any CPU.Build.0 = Release|Any CPU
		{F59A11FD-3115-42BE-A382-CA56D8DAD63E}.Debug|Any CPU.ActiveCfg = Debug|Any CPU
		{F59A11FD-3115-42BE-A382-CA56D8DAD63E}.Debug|Any CPU.Build.0 = Debug|Any CPU
		{F59A11FD-3115-42BE-A382-CA56D8DAD63E}.Release|Any CPU.ActiveCfg = Release|Any CPU
		{F59A11FD-3115-42BE-A382-CA56D8DAD63E}.Release|Any CPU.Build.0 = Release|Any CPU
		{AE57030B-071A-482A-983F-28CC36368926}.Debug|Any CPU.ActiveCfg = Debug|Any CPU
		{AE57030B-071A-482A-983F-28CC36368926}.Debug|Any CPU.Build.0 = Debug|Any CPU
		{AE57030B-071A-482A-983F-28CC36368926}.Release|Any CPU.ActiveCfg = Release|Any CPU
		{AE57030B-071A-482A-983F-28CC36368926}.Release|Any CPU.Build.0 = Release|Any CPU
		{25949498-4451-4632-8FB5-442EB6D98791}.Debug|Any CPU.ActiveCfg = Debug|Any CPU
		{25949498-4451-4632-8FB5-442EB6D98791}.Debug|Any CPU.Build.0 = Debug|Any CPU
		{25949498-4451-4632-8FB5-442EB6D98791}.Release|Any CPU.ActiveCfg = Release|Any CPU
		{25949498-4451-4632-8FB5-442EB6D98791}.Release|Any CPU.Build.0 = Release|Any CPU
		{1BE50DB8-79DA-4C52-87A3-91A21394360F}.Debug|Any CPU.ActiveCfg = Debug|Any CPU
		{1BE50DB8-79DA-4C52-87A3-91A21394360F}.Debug|Any CPU.Build.0 = Debug|Any CPU
		{1BE50DB8-79DA-4C52-87A3-91A21394360F}.Release|Any CPU.ActiveCfg = Release|Any CPU
		{1BE50DB8-79DA-4C52-87A3-91A21394360F}.Release|Any CPU.Build.0 = Release|Any CPU
		{32EDA2DB-1A95-4FFD-9DCA-E9B625C2D2DF}.Debug|Any CPU.ActiveCfg = Debug|Any CPU
		{32EDA2DB-1A95-4FFD-9DCA-E9B625C2D2DF}.Debug|Any CPU.Build.0 = Debug|Any CPU
		{32EDA2DB-1A95-4FFD-9DCA-E9B625C2D2DF}.Release|Any CPU.ActiveCfg = Release|Any CPU
		{32EDA2DB-1A95-4FFD-9DCA-E9B625C2D2DF}.Release|Any CPU.Build.0 = Release|Any CPU
		{57EE8CBE-03BB-478D-8CB6-649EC748BAA2}.Debug|Any CPU.ActiveCfg = Debug|Any CPU
		{57EE8CBE-03BB-478D-8CB6-649EC748BAA2}.Debug|Any CPU.Build.0 = Debug|Any CPU
		{57EE8CBE-03BB-478D-8CB6-649EC748BAA2}.Release|Any CPU.ActiveCfg = Release|Any CPU
		{57EE8CBE-03BB-478D-8CB6-649EC748BAA2}.Release|Any CPU.Build.0 = Release|Any CPU
	EndGlobalSection
	GlobalSection(SolutionProperties) = preSolution
		HideSolutionNode = FALSE
	EndGlobalSection
	GlobalSection(NestedProjects) = preSolution
		{ABA18EDC-E844-40E1-A57F-3B6D77402671} = {5CA1EF35-B73A-4495-ADE2-9C81C85FA379}
		{F59A11FD-3115-42BE-A382-CA56D8DAD63E} = {5CA1EF35-B73A-4495-ADE2-9C81C85FA379}
		{AE57030B-071A-482A-983F-28CC36368926} = {5CA1EF35-B73A-4495-ADE2-9C81C85FA379}
		{3EC17DC0-F34F-4573-87E8-671BF8C2E76E} = {44177924-6748-4696-B428-771A23CEDB89}
		{25949498-4451-4632-8FB5-442EB6D98791} = {3EC17DC0-F34F-4573-87E8-671BF8C2E76E}
		{1BE50DB8-79DA-4C52-87A3-91A21394360F} = {3EC17DC0-F34F-4573-87E8-671BF8C2E76E}
		{32EDA2DB-1A95-4FFD-9DCA-E9B625C2D2DF} = {3EC17DC0-F34F-4573-87E8-671BF8C2E76E}
		{041248CF-3872-4A46-8F99-80173036A34B} = {44177924-6748-4696-B428-771A23CEDB89}
		{57EE8CBE-03BB-478D-8CB6-649EC748BAA2} = {041248CF-3872-4A46-8F99-80173036A34B}
	EndGlobalSection
	GlobalSection(ExtensibilityGlobals) = postSolution
		SolutionGuid = {6FD244C2-25DE-442D-A7D6-FDC12E95B147}
	EndGlobalSection
EndGlobal
