
Microsoft Visual Studio Solution File, Format Version 12.00
# Visual Studio Version 16
VisualStudioVersion = 16.0.30128.74
MinimumVisualStudioVersion = 10.0.40219.1
Project("{FAE04EC0-301F-11D3-BF4B-00C04F79EFBC}") = "API", "API\API.csproj", "{DB76AEF3-6940-4FDF-833B-44D0555099C7}"
EndProject
Project("{FAE04EC0-301F-11D3-BF4B-00C04F79EFBC}") = "BLL", "BLL\BLL.csproj", "{19B775C0-8266-4A10-9056-E5EA351F2399}"
EndProject
Project("{FAE04EC0-301F-11D3-BF4B-00C04F79EFBC}") = "DAL", "DAL\DAL.csproj", "{818C5B2A-7EDA-4E10-AB65-DE8716F262C8}"
EndProject
Global
	GlobalSection(SolutionConfigurationPlatforms) = preSolution
		Debug|Any CPU = Debug|Any CPU
		Release|Any CPU = Release|Any CPU
	EndGlobalSection
	GlobalSection(ProjectConfigurationPlatforms) = postSolution
		{DB76AEF3-6940-4FDF-833B-44D0555099C7}.Debug|Any CPU.ActiveCfg = Debug|Any CPU
		{DB76AEF3-6940-4FDF-833B-44D0555099C7}.Debug|Any CPU.Build.0 = Debug|Any CPU
		{DB76AEF3-6940-4FDF-833B-44D0555099C7}.Release|Any CPU.ActiveCfg = Release|Any CPU
		{DB76AEF3-6940-4FDF-833B-44D0555099C7}.Release|Any CPU.Build.0 = Release|Any CPU
		{19B775C0-8266-4A10-9056-E5EA351F2399}.Debug|Any CPU.ActiveCfg = Debug|Any CPU
		{19B775C0-8266-4A10-9056-E5EA351F2399}.Debug|Any CPU.Build.0 = Debug|Any CPU
		{19B775C0-8266-4A10-9056-E5EA351F2399}.Release|Any CPU.ActiveCfg = Release|Any CPU
		{19B775C0-8266-4A10-9056-E5EA351F2399}.Release|Any CPU.Build.0 = Release|Any CPU
		{818C5B2A-7EDA-4E10-AB65-DE8716F262C8}.Debug|Any CPU.ActiveCfg = Debug|Any CPU
		{818C5B2A-7EDA-4E10-AB65-DE8716F262C8}.Debug|Any CPU.Build.0 = Debug|Any CPU
		{818C5B2A-7EDA-4E10-AB65-DE8716F262C8}.Release|Any CPU.ActiveCfg = Release|Any CPU
		{818C5B2A-7EDA-4E10-AB65-DE8716F262C8}.Release|Any CPU.Build.0 = Release|Any CPU
	EndGlobalSection
	GlobalSection(SolutionProperties) = preSolution
		HideSolutionNode = FALSE
	EndGlobalSection
	GlobalSection(ExtensibilityGlobals) = postSolution
		SolutionGuid = {6FD244C2-25DE-442D-A7D6-FDC12E95B147}
	EndGlobalSection
EndGlobal
